
Microsoft Visual Studio Solution File, Format Version 12.00
# Visual Studio 15
Project("{FAE04EC0-301F-11D3-BF4B-00C04F79EFBC}") = "Assembly-CSharp", "Assembly-CSharp.csproj", "{B09C52F0-15F2-545E-1894-055C4079F0E9}"
EndProject
Project("{FAE04EC0-301F-11D3-BF4B-00C04F79EFBC}") = "LeanTransition", "LeanTransition.csproj", "{423FAF58-6B95-C652-1C4D-1CE6773917B6}"
EndProject
Project("{FAE04EC0-301F-11D3-BF4B-00C04F79EFBC}") = "LeanCommon", "LeanCommon.csproj", "{B9660531-2924-4D73-6F22-09AC15B6B36E}"
EndProject
Project("{FAE04EC0-301F-11D3-BF4B-00C04F79EFBC}") = "LeanGUI", "LeanGUI.csproj", "{65B3C133-6844-7999-8952-2621367A0AA8}"
EndProject
Project("{FAE04EC0-301F-11D3-BF4B-00C04F79EFBC}") = "endel.nativewebsocket", "endel.nativewebsocket.csproj", "{13616E79-513A-0532-D67C-55DDDD3225EE}"
EndProject
Project("{FAE04EC0-301F-11D3-BF4B-00C04F79EFBC}") = "LeanTransition.Editor", "LeanTransition.Editor.csproj", "{31FBD7F0-B863-41DA-5C09-5BCBAFE915D9}"
EndProject
Project("{FAE04EC0-301F-11D3-BF4B-00C04F79EFBC}") = "Assembly-CSharp-Editor", "Assembly-CSharp-Editor.csproj", "{D062EBB8-E070-C1AD-B59E-4BAEEC391124}"
EndProject
Global
	GlobalSection(SolutionConfigurationPlatforms) = preSolution
		Debug|Any CPU = Debug|Any CPU
		Release|Any CPU = Release|Any CPU
	EndGlobalSection
	GlobalSection(ProjectConfigurationPlatforms) = postSolution
		{B09C52F0-15F2-545E-1894-055C4079F0E9}.Debug|Any CPU.ActiveCfg = Debug|Any CPU
		{B09C52F0-15F2-545E-1894-055C4079F0E9}.Debug|Any CPU.Build.0 = Debug|Any CPU
		{B09C52F0-15F2-545E-1894-055C4079F0E9}.Release|Any CPU.ActiveCfg = Release|Any CPU
		{B09C52F0-15F2-545E-1894-055C4079F0E9}.Release|Any CPU.Build.0 = Release|Any CPU
		{423FAF58-6B95-C652-1C4D-1CE6773917B6}.Debug|Any CPU.ActiveCfg = Debug|Any CPU
		{423FAF58-6B95-C652-1C4D-1CE6773917B6}.Debug|Any CPU.Build.0 = Debug|Any CPU
		{423FAF58-6B95-C652-1C4D-1CE6773917B6}.Release|Any CPU.ActiveCfg = Release|Any CPU
		{423FAF58-6B95-C652-1C4D-1CE6773917B6}.Release|Any CPU.Build.0 = Release|Any CPU
		{B9660531-2924-4D73-6F22-09AC15B6B36E}.Debug|Any CPU.ActiveCfg = Debug|Any CPU
		{B9660531-2924-4D73-6F22-09AC15B6B36E}.Debug|Any CPU.Build.0 = Debug|Any CPU
		{B9660531-2924-4D73-6F22-09AC15B6B36E}.Release|Any CPU.ActiveCfg = Release|Any CPU
		{B9660531-2924-4D73-6F22-09AC15B6B36E}.Release|Any CPU.Build.0 = Release|Any CPU
		{65B3C133-6844-7999-8952-2621367A0AA8}.Debug|Any CPU.ActiveCfg = Debug|Any CPU
		{65B3C133-6844-7999-8952-2621367A0AA8}.Debug|Any CPU.Build.0 = Debug|Any CPU
		{65B3C133-6844-7999-8952-2621367A0AA8}.Release|Any CPU.ActiveCfg = Release|Any CPU
		{65B3C133-6844-7999-8952-2621367A0AA8}.Release|Any CPU.Build.0 = Release|Any CPU
		{13616E79-513A-0532-D67C-55DDDD3225EE}.Debug|Any CPU.ActiveCfg = Debug|Any CPU
		{13616E79-513A-0532-D67C-55DDDD3225EE}.Debug|Any CPU.Build.0 = Debug|Any CPU
		{13616E79-513A-0532-D67C-55DDDD3225EE}.Release|Any CPU.ActiveCfg = Release|Any CPU
		{13616E79-513A-0532-D67C-55DDDD3225EE}.Release|Any CPU.Build.0 = Release|Any CPU
		{31FBD7F0-B863-41DA-5C09-5BCBAFE915D9}.Debug|Any CPU.ActiveCfg = Debug|Any CPU
		{31FBD7F0-B863-41DA-5C09-5BCBAFE915D9}.Debug|Any CPU.Build.0 = Debug|Any CPU
		{31FBD7F0-B863-41DA-5C09-5BCBAFE915D9}.Release|Any CPU.ActiveCfg = Release|Any CPU
		{31FBD7F0-B863-41DA-5C09-5BCBAFE915D9}.Release|Any CPU.Build.0 = Release|Any CPU
		{D062EBB8-E070-C1AD-B59E-4BAEEC391124}.Debug|Any CPU.ActiveCfg = Debug|Any CPU
		{D062EBB8-E070-C1AD-B59E-4BAEEC391124}.Debug|Any CPU.Build.0 = Debug|Any CPU
		{D062EBB8-E070-C1AD-B59E-4BAEEC391124}.Release|Any CPU.ActiveCfg = Release|Any CPU
		{D062EBB8-E070-C1AD-B59E-4BAEEC391124}.Release|Any CPU.Build.0 = Release|Any CPU
	EndGlobalSection
	GlobalSection(SolutionProperties) = preSolution
		HideSolutionNode = FALSE
	EndGlobalSection
EndGlobal
